// !$*UTF8*$!
{
	archiveVersion = 1;
	classes = {
	};
	objectVersion = 46;
	objects = {

/* Begin PBXBuildFile section */
		7623083717C3F2EE00BB22D9 /* AppTrack.xcdatamodeld in Sources */ = {isa = PBXBuildFile; fileRef = 762307F717C3F2EE00BB22D9 /* AppTrack.xcdatamodeld */; };
		7623083817C3F2EE00BB22D9 /* ATAppDelegate.m in Sources */ = {isa = PBXBuildFile; fileRef = 762307FA17C3F2EE00BB22D9 /* ATAppDelegate.m */; };
		7623083917C3F2EE00BB22D9 /* ATDetailViewController.m in Sources */ = {isa = PBXBuildFile; fileRef = 762307FE17C3F2EE00BB22D9 /* ATDetailViewController.m */; };
		7623083A17C3F2EE00BB22D9 /* ATFindAppViewController.m in Sources */ = {isa = PBXBuildFile; fileRef = 7623080017C3F2EE00BB22D9 /* ATFindAppViewController.m */; };
		7623083B17C3F2EE00BB22D9 /* ATLandingViewController.m in Sources */ = {isa = PBXBuildFile; fileRef = 7623080217C3F2EE00BB22D9 /* ATLandingViewController.m */; };
		7623083C17C3F2EE00BB22D9 /* AFHTTPClient.m in Sources */ = {isa = PBXBuildFile; fileRef = 7623080617C3F2EE00BB22D9 /* AFHTTPClient.m */; settings = {COMPILER_FLAGS = "-fno-objc-arc"; }; };
		7623083D17C3F2EE00BB22D9 /* AFHTTPRequestOperation.m in Sources */ = {isa = PBXBuildFile; fileRef = 7623080817C3F2EE00BB22D9 /* AFHTTPRequestOperation.m */; settings = {COMPILER_FLAGS = "-fno-objc-arc"; }; };
		7623083E17C3F2EE00BB22D9 /* AFImageRequestOperation.m in Sources */ = {isa = PBXBuildFile; fileRef = 7623080A17C3F2EE00BB22D9 /* AFImageRequestOperation.m */; settings = {COMPILER_FLAGS = "-fno-objc-arc"; }; };
		7623083F17C3F2EE00BB22D9 /* AFJSONRequestOperation.m in Sources */ = {isa = PBXBuildFile; fileRef = 7623080C17C3F2EE00BB22D9 /* AFJSONRequestOperation.m */; settings = {COMPILER_FLAGS = "-fno-objc-arc"; }; };
		7623084017C3F2EE00BB22D9 /* AFJSONUtilities.m in Sources */ = {isa = PBXBuildFile; fileRef = 7623080E17C3F2EE00BB22D9 /* AFJSONUtilities.m */; settings = {COMPILER_FLAGS = "-fno-objc-arc"; }; };
		7623084117C3F2EE00BB22D9 /* AFNetworkActivityIndicatorManager.m in Sources */ = {isa = PBXBuildFile; fileRef = 7623081017C3F2EE00BB22D9 /* AFNetworkActivityIndicatorManager.m */; settings = {COMPILER_FLAGS = "-fno-objc-arc"; }; };
		7623084217C3F2EE00BB22D9 /* AFPropertyListRequestOperation.m in Sources */ = {isa = PBXBuildFile; fileRef = 7623081317C3F2EE00BB22D9 /* AFPropertyListRequestOperation.m */; settings = {COMPILER_FLAGS = "-fno-objc-arc"; }; };
		7623084317C3F2EE00BB22D9 /* AFURLConnectionOperation.m in Sources */ = {isa = PBXBuildFile; fileRef = 7623081517C3F2EE00BB22D9 /* AFURLConnectionOperation.m */; settings = {COMPILER_FLAGS = "-fno-objc-arc"; }; };
		7623084417C3F2EE00BB22D9 /* AFXMLRequestOperation.m in Sources */ = {isa = PBXBuildFile; fileRef = 7623081717C3F2EE00BB22D9 /* AFXMLRequestOperation.m */; settings = {COMPILER_FLAGS = "-fno-objc-arc"; }; };
		7623084517C3F2EE00BB22D9 /* UIImageView+AFNetworking.m in Sources */ = {isa = PBXBuildFile; fileRef = 7623081917C3F2EE00BB22D9 /* UIImageView+AFNetworking.m */; settings = {COMPILER_FLAGS = "-fno-objc-arc"; }; };
		7623084617C3F2EE00BB22D9 /* ATApp.m in Sources */ = {isa = PBXBuildFile; fileRef = 7623081C17C3F2EE00BB22D9 /* ATApp.m */; };
		7623084717C3F2EE00BB22D9 /* ATComment.m in Sources */ = {isa = PBXBuildFile; fileRef = 7623081E17C3F2EE00BB22D9 /* ATComment.m */; };
		7623084817C3F2EE00BB22D9 /* add_button.png in Resources */ = {isa = PBXBuildFile; fileRef = 7623082117C3F2EE00BB22D9 /* add_button.png */; };
		7623084917C3F2EE00BB22D9 /* add_button@2x.png in Resources */ = {isa = PBXBuildFile; fileRef = 7623082217C3F2EE00BB22D9 /* add_button@2x.png */; };
		7623084A17C3F2EE00BB22D9 /* background.png in Resources */ = {isa = PBXBuildFile; fileRef = 7623082317C3F2EE00BB22D9 /* background.png */; };
		7623084B17C3F2EE00BB22D9 /* background@2x.png in Resources */ = {isa = PBXBuildFile; fileRef = 7623082417C3F2EE00BB22D9 /* background@2x.png */; };
		7623084C17C3F2EE00BB22D9 /* rank_background.png in Resources */ = {isa = PBXBuildFile; fileRef = 7623082517C3F2EE00BB22D9 /* rank_background.png */; };
		7623084D17C3F2EE00BB22D9 /* rank_background@2x.png in Resources */ = {isa = PBXBuildFile; fileRef = 7623082617C3F2EE00BB22D9 /* rank_background@2x.png */; };
		7623084E17C3F2EE00BB22D9 /* top_bar.png in Resources */ = {isa = PBXBuildFile; fileRef = 7623082717C3F2EE00BB22D9 /* top_bar.png */; };
		7623084F17C3F2EE00BB22D9 /* top_bar@2x.png in Resources */ = {isa = PBXBuildFile; fileRef = 7623082817C3F2EE00BB22D9 /* top_bar@2x.png */; };
		7623085017C3F2EE00BB22D9 /* Main.storyboard in Resources */ = {isa = PBXBuildFile; fileRef = 7623082A17C3F2EE00BB22D9 /* Main.storyboard */; };
		7623085217C3F2EE00BB22D9 /* main.m in Sources */ = {isa = PBXBuildFile; fileRef = 7623082E17C3F2EE00BB22D9 /* main.m */; };
		7623085317C3F2EE00BB22D9 /* ATDataManager.m in Sources */ = {isa = PBXBuildFile; fileRef = 7623083117C3F2EE00BB22D9 /* ATDataManager.m */; };
		7623085417C3F2EE00BB22D9 /* ATFindAppCell.m in Sources */ = {isa = PBXBuildFile; fileRef = 7623083417C3F2EE00BB22D9 /* ATFindAppCell.m */; };
		7623085517C3F2EE00BB22D9 /* ATLandingViewAppScrollView.m in Sources */ = {isa = PBXBuildFile; fileRef = 7623083617C3F2EE00BB22D9 /* ATLandingViewAppScrollView.m */; };
		7623085717C3F41D00BB22D9 /* Default-568h@2x.png in Resources */ = {isa = PBXBuildFile; fileRef = 7623085617C3F41D00BB22D9 /* Default-568h@2x.png */; };
		767EA25615D1DD9C00970C30 /* UIKit.framework in Frameworks */ = {isa = PBXBuildFile; fileRef = 767EA25515D1DD9C00970C30 /* UIKit.framework */; };
		767EA25815D1DD9C00970C30 /* Foundation.framework in Frameworks */ = {isa = PBXBuildFile; fileRef = 767EA25715D1DD9C00970C30 /* Foundation.framework */; };
		767EA25A15D1DD9C00970C30 /* CoreGraphics.framework in Frameworks */ = {isa = PBXBuildFile; fileRef = 767EA25915D1DD9C00970C30 /* CoreGraphics.framework */; };
		767EA25C15D1DD9C00970C30 /* CoreData.framework in Frameworks */ = {isa = PBXBuildFile; fileRef = 767EA25B15D1DD9C00970C30 /* CoreData.framework */; };
/* End PBXBuildFile section */

/* Begin PBXFileReference section */
		762307F817C3F2EE00BB22D9 /* AppTrack.xcdatamodel */ = {isa = PBXFileReference; lastKnownFileType = wrapper.xcdatamodel; path = AppTrack.xcdatamodel; sourceTree = "<group>"; };
		762307F917C3F2EE00BB22D9 /* ATAppDelegate.h */ = {isa = PBXFileReference; fileEncoding = 4; lastKnownFileType = sourcecode.c.h; path = ATAppDelegate.h; sourceTree = "<group>"; };
		762307FA17C3F2EE00BB22D9 /* ATAppDelegate.m */ = {isa = PBXFileReference; fileEncoding = 4; lastKnownFileType = sourcecode.c.objc; path = ATAppDelegate.m; sourceTree = "<group>"; };
		762307FB17C3F2EE00BB22D9 /* ATConstants.h */ = {isa = PBXFileReference; fileEncoding = 4; lastKnownFileType = sourcecode.c.h; path = ATConstants.h; sourceTree = "<group>"; };
		762307FD17C3F2EE00BB22D9 /* ATDetailViewController.h */ = {isa = PBXFileReference; fileEncoding = 4; lastKnownFileType = sourcecode.c.h; path = ATDetailViewController.h; sourceTree = "<group>"; };
		762307FE17C3F2EE00BB22D9 /* ATDetailViewController.m */ = {isa = PBXFileReference; fileEncoding = 4; lastKnownFileType = sourcecode.c.objc; path = ATDetailViewController.m; sourceTree = "<group>"; };
		762307FF17C3F2EE00BB22D9 /* ATFindAppViewController.h */ = {isa = PBXFileReference; fileEncoding = 4; lastKnownFileType = sourcecode.c.h; path = ATFindAppViewController.h; sourceTree = "<group>"; };
		7623080017C3F2EE00BB22D9 /* ATFindAppViewController.m */ = {isa = PBXFileReference; fileEncoding = 4; lastKnownFileType = sourcecode.c.objc; path = ATFindAppViewController.m; sourceTree = "<group>"; };
		7623080117C3F2EE00BB22D9 /* ATLandingViewController.h */ = {isa = PBXFileReference; fileEncoding = 4; lastKnownFileType = sourcecode.c.h; path = ATLandingViewController.h; sourceTree = "<group>"; };
		7623080217C3F2EE00BB22D9 /* ATLandingViewController.m */ = {isa = PBXFileReference; fileEncoding = 4; lastKnownFileType = sourcecode.c.objc; path = ATLandingViewController.m; sourceTree = "<group>"; };
		7623080517C3F2EE00BB22D9 /* AFHTTPClient.h */ = {isa = PBXFileReference; fileEncoding = 4; lastKnownFileType = sourcecode.c.h; path = AFHTTPClient.h; sourceTree = "<group>"; };
		7623080617C3F2EE00BB22D9 /* AFHTTPClient.m */ = {isa = PBXFileReference; fileEncoding = 4; lastKnownFileType = sourcecode.c.objc; path = AFHTTPClient.m; sourceTree = "<group>"; };
		7623080717C3F2EE00BB22D9 /* AFHTTPRequestOperation.h */ = {isa = PBXFileReference; fileEncoding = 4; lastKnownFileType = sourcecode.c.h; path = AFHTTPRequestOperation.h; sourceTree = "<group>"; };
		7623080817C3F2EE00BB22D9 /* AFHTTPRequestOperation.m */ = {isa = PBXFileReference; fileEncoding = 4; lastKnownFileType = sourcecode.c.objc; path = AFHTTPRequestOperation.m; sourceTree = "<group>"; };
		7623080917C3F2EE00BB22D9 /* AFImageRequestOperation.h */ = {isa = PBXFileReference; fileEncoding = 4; lastKnownFileType = sourcecode.c.h; path = AFImageRequestOperation.h; sourceTree = "<group>"; };
		7623080A17C3F2EE00BB22D9 /* AFImageRequestOperation.m */ = {isa = PBXFileReference; fileEncoding = 4; lastKnownFileType = sourcecode.c.objc; path = AFImageRequestOperation.m; sourceTree = "<group>"; };
		7623080B17C3F2EE00BB22D9 /* AFJSONRequestOperation.h */ = {isa = PBXFileReference; fileEncoding = 4; lastKnownFileType = sourcecode.c.h; path = AFJSONRequestOperation.h; sourceTree = "<group>"; };
		7623080C17C3F2EE00BB22D9 /* AFJSONRequestOperation.m */ = {isa = PBXFileReference; fileEncoding = 4; lastKnownFileType = sourcecode.c.objc; path = AFJSONRequestOperation.m; sourceTree = "<group>"; };
		7623080D17C3F2EE00BB22D9 /* AFJSONUtilities.h */ = {isa = PBXFileReference; fileEncoding = 4; lastKnownFileType = sourcecode.c.h; path = AFJSONUtilities.h; sourceTree = "<group>"; };
		7623080E17C3F2EE00BB22D9 /* AFJSONUtilities.m */ = {isa = PBXFileReference; fileEncoding = 4; lastKnownFileType = sourcecode.c.objc; path = AFJSONUtilities.m; sourceTree = "<group>"; };
		7623080F17C3F2EE00BB22D9 /* AFNetworkActivityIndicatorManager.h */ = {isa = PBXFileReference; fileEncoding = 4; lastKnownFileType = sourcecode.c.h; path = AFNetworkActivityIndicatorManager.h; sourceTree = "<group>"; };
		7623081017C3F2EE00BB22D9 /* AFNetworkActivityIndicatorManager.m */ = {isa = PBXFileReference; fileEncoding = 4; lastKnownFileType = sourcecode.c.objc; path = AFNetworkActivityIndicatorManager.m; sourceTree = "<group>"; };
		7623081117C3F2EE00BB22D9 /* AFNetworking.h */ = {isa = PBXFileReference; fileEncoding = 4; lastKnownFileType = sourcecode.c.h; path = AFNetworking.h; sourceTree = "<group>"; };
		7623081217C3F2EE00BB22D9 /* AFPropertyListRequestOperation.h */ = {isa = PBXFileReference; fileEncoding = 4; lastKnownFileType = sourcecode.c.h; path = AFPropertyListRequestOperation.h; sourceTree = "<group>"; };
		7623081317C3F2EE00BB22D9 /* AFPropertyListRequestOperation.m */ = {isa = PBXFileReference; fileEncoding = 4; lastKnownFileType = sourcecode.c.objc; path = AFPropertyListRequestOperation.m; sourceTree = "<group>"; };
		7623081417C3F2EE00BB22D9 /* AFURLConnectionOperation.h */ = {isa = PBXFileReference; fileEncoding = 4; lastKnownFileType = sourcecode.c.h; path = AFURLConnectionOperation.h; sourceTree = "<group>"; };
		7623081517C3F2EE00BB22D9 /* AFURLConnectionOperation.m */ = {isa = PBXFileReference; fileEncoding = 4; lastKnownFileType = sourcecode.c.objc; path = AFURLConnectionOperation.m; sourceTree = "<group>"; };
		7623081617C3F2EE00BB22D9 /* AFXMLRequestOperation.h */ = {isa = PBXFileReference; fileEncoding = 4; lastKnownFileType = sourcecode.c.h; path = AFXMLRequestOperation.h; sourceTree = "<group>"; };
		7623081717C3F2EE00BB22D9 /* AFXMLRequestOperation.m */ = {isa = PBXFileReference; fileEncoding = 4; lastKnownFileType = sourcecode.c.objc; path = AFXMLRequestOperation.m; sourceTree = "<group>"; };
		7623081817C3F2EE00BB22D9 /* UIImageView+AFNetworking.h */ = {isa = PBXFileReference; fileEncoding = 4; lastKnownFileType = sourcecode.c.h; path = "UIImageView+AFNetworking.h"; sourceTree = "<group>"; };
		7623081917C3F2EE00BB22D9 /* UIImageView+AFNetworking.m */ = {isa = PBXFileReference; fileEncoding = 4; lastKnownFileType = sourcecode.c.objc; path = "UIImageView+AFNetworking.m"; sourceTree = "<group>"; };
		7623081B17C3F2EE00BB22D9 /* ATApp.h */ = {isa = PBXFileReference; fileEncoding = 4; lastKnownFileType = sourcecode.c.h; path = ATApp.h; sourceTree = "<group>"; };
		7623081C17C3F2EE00BB22D9 /* ATApp.m */ = {isa = PBXFileReference; fileEncoding = 4; lastKnownFileType = sourcecode.c.objc; path = ATApp.m; sourceTree = "<group>"; };
		7623081D17C3F2EE00BB22D9 /* ATComment.h */ = {isa = PBXFileReference; fileEncoding = 4; lastKnownFileType = sourcecode.c.h; path = ATComment.h; sourceTree = "<group>"; };
		7623081E17C3F2EE00BB22D9 /* ATComment.m */ = {isa = PBXFileReference; fileEncoding = 4; lastKnownFileType = sourcecode.c.objc; path = ATComment.m; sourceTree = "<group>"; };
		7623082117C3F2EE00BB22D9 /* add_button.png */ = {isa = PBXFileReference; lastKnownFileType = image.png; path = add_button.png; sourceTree = "<group>"; };
		7623082217C3F2EE00BB22D9 /* add_button@2x.png */ = {isa = PBXFileReference; lastKnownFileType = image.png; path = "add_button@2x.png"; sourceTree = "<group>"; };
		7623082317C3F2EE00BB22D9 /* background.png */ = {isa = PBXFileReference; lastKnownFileType = image.png; path = background.png; sourceTree = "<group>"; };
		7623082417C3F2EE00BB22D9 /* background@2x.png */ = {isa = PBXFileReference; lastKnownFileType = image.png; path = "background@2x.png"; sourceTree = "<group>"; };
		7623082517C3F2EE00BB22D9 /* rank_background.png */ = {isa = PBXFileReference; lastKnownFileType = image.png; path = rank_background.png; sourceTree = "<group>"; };
		7623082617C3F2EE00BB22D9 /* rank_background@2x.png */ = {isa = PBXFileReference; lastKnownFileType = image.png; path = "rank_background@2x.png"; sourceTree = "<group>"; };
		7623082717C3F2EE00BB22D9 /* top_bar.png */ = {isa = PBXFileReference; lastKnownFileType = image.png; path = top_bar.png; sourceTree = "<group>"; };
		7623082817C3F2EE00BB22D9 /* top_bar@2x.png */ = {isa = PBXFileReference; lastKnownFileType = image.png; path = "top_bar@2x.png"; sourceTree = "<group>"; };
		7623082A17C3F2EE00BB22D9 /* Main.storyboard */ = {isa = PBXFileReference; fileEncoding = 4; lastKnownFileType = file.storyboard; path = Main.storyboard; sourceTree = "<group>"; };
		7623082C17C3F2EE00BB22D9 /* AppTrack-Info.plist */ = {isa = PBXFileReference; fileEncoding = 4; lastKnownFileType = text.plist.xml; path = "AppTrack-Info.plist"; sourceTree = "<group>"; };
		7623082D17C3F2EE00BB22D9 /* AppTrack-Prefix.pch */ = {isa = PBXFileReference; fileEncoding = 4; lastKnownFileType = sourcecode.c.h; path = "AppTrack-Prefix.pch"; sourceTree = "<group>"; };
		7623082E17C3F2EE00BB22D9 /* main.m */ = {isa = PBXFileReference; fileEncoding = 4; lastKnownFileType = sourcecode.c.objc; path = main.m; sourceTree = "<group>"; };
		7623083017C3F2EE00BB22D9 /* ATDataManager.h */ = {isa = PBXFileReference; fileEncoding = 4; lastKnownFileType = sourcecode.c.h; path = ATDataManager.h; sourceTree = "<group>"; };
		7623083117C3F2EE00BB22D9 /* ATDataManager.m */ = {isa = PBXFileReference; fileEncoding = 4; lastKnownFileType = sourcecode.c.objc; path = ATDataManager.m; sourceTree = "<group>"; };
		7623083317C3F2EE00BB22D9 /* ATFindAppCell.h */ = {isa = PBXFileReference; fileEncoding = 4; lastKnownFileType = sourcecode.c.h; path = ATFindAppCell.h; sourceTree = "<group>"; };
		7623083417C3F2EE00BB22D9 /* ATFindAppCell.m */ = {isa = PBXFileReference; fileEncoding = 4; lastKnownFileType = sourcecode.c.objc; path = ATFindAppCell.m; sourceTree = "<group>"; };
		7623083517C3F2EE00BB22D9 /* ATLandingViewAppScrollView.h */ = {isa = PBXFileReference; fileEncoding = 4; lastKnownFileType = sourcecode.c.h; path = ATLandingViewAppScrollView.h; sourceTree = "<group>"; };
		7623083617C3F2EE00BB22D9 /* ATLandingViewAppScrollView.m */ = {isa = PBXFileReference; fileEncoding = 4; lastKnownFileType = sourcecode.c.objc; path = ATLandingViewAppScrollView.m; sourceTree = "<group>"; };
		7623085617C3F41D00BB22D9 /* Default-568h@2x.png */ = {isa = PBXFileReference; lastKnownFileType = image.png; path = "Default-568h@2x.png"; sourceTree = "<group>"; };
		767EA25115D1DD9C00970C30 /* AppTrack.app */ = {isa = PBXFileReference; explicitFileType = wrapper.application; includeInIndex = 0; path = AppTrack.app; sourceTree = BUILT_PRODUCTS_DIR; };
		767EA25515D1DD9C00970C30 /* UIKit.framework */ = {isa = PBXFileReference; lastKnownFileType = wrapper.framework; name = UIKit.framework; path = System/Library/Frameworks/UIKit.framework; sourceTree = SDKROOT; };
		767EA25715D1DD9C00970C30 /* Foundation.framework */ = {isa = PBXFileReference; lastKnownFileType = wrapper.framework; name = Foundation.framework; path = System/Library/Frameworks/Foundation.framework; sourceTree = SDKROOT; };
		767EA25915D1DD9C00970C30 /* CoreGraphics.framework */ = {isa = PBXFileReference; lastKnownFileType = wrapper.framework; name = CoreGraphics.framework; path = System/Library/Frameworks/CoreGraphics.framework; sourceTree = SDKROOT; };
		767EA25B15D1DD9C00970C30 /* CoreData.framework */ = {isa = PBXFileReference; lastKnownFileType = wrapper.framework; name = CoreData.framework; path = System/Library/Frameworks/CoreData.framework; sourceTree = SDKROOT; };
/* End PBXFileReference section */

/* Begin PBXFrameworksBuildPhase section */
		767EA24E15D1DD9C00970C30 /* Frameworks */ = {
			isa = PBXFrameworksBuildPhase;
			buildActionMask = 2147483647;
			files = (
				767EA25615D1DD9C00970C30 /* UIKit.framework in Frameworks */,
				767EA25815D1DD9C00970C30 /* Foundation.framework in Frameworks */,
				767EA25A15D1DD9C00970C30 /* CoreGraphics.framework in Frameworks */,
				767EA25C15D1DD9C00970C30 /* CoreData.framework in Frameworks */,
			);
			runOnlyForDeploymentPostprocessing = 0;
		};
/* End PBXFrameworksBuildPhase section */

/* Begin PBXGroup section */
		762307F617C3F2EE00BB22D9 /* AppTrack */ = {
			isa = PBXGroup;
			children = (
				762307F917C3F2EE00BB22D9 /* ATAppDelegate.h */,
				762307FA17C3F2EE00BB22D9 /* ATAppDelegate.m */,
				762307F717C3F2EE00BB22D9 /* AppTrack.xcdatamodeld */,
				762307FB17C3F2EE00BB22D9 /* ATConstants.h */,
				7623081A17C3F2EE00BB22D9 /* Models */,
				7623083217C3F2EE00BB22D9 /* Views */,
				762307FC17C3F2EE00BB22D9 /* Controllers */,
				7623082F17C3F2EE00BB22D9 /* Utility */,
				7623081F17C3F2EE00BB22D9 /* Resources */,
				7623082B17C3F2EE00BB22D9 /* Supporting Files */,
			);
			path = AppTrack;
			sourceTree = "<group>";
		};
		762307FC17C3F2EE00BB22D9 /* Controllers */ = {
			isa = PBXGroup;
			children = (
				762307FD17C3F2EE00BB22D9 /* ATDetailViewController.h */,
				762307FE17C3F2EE00BB22D9 /* ATDetailViewController.m */,
				762307FF17C3F2EE00BB22D9 /* ATFindAppViewController.h */,
				7623080017C3F2EE00BB22D9 /* ATFindAppViewController.m */,
				7623080117C3F2EE00BB22D9 /* ATLandingViewController.h */,
				7623080217C3F2EE00BB22D9 /* ATLandingViewController.m */,
			);
			path = Controllers;
			sourceTree = "<group>";
		};
		7623080417C3F2EE00BB22D9 /* AFNetworking */ = {
			isa = PBXGroup;
			children = (
				7623080517C3F2EE00BB22D9 /* AFHTTPClient.h */,
				7623080617C3F2EE00BB22D9 /* AFHTTPClient.m */,
				7623080717C3F2EE00BB22D9 /* AFHTTPRequestOperation.h */,
				7623080817C3F2EE00BB22D9 /* AFHTTPRequestOperation.m */,
				7623080917C3F2EE00BB22D9 /* AFImageRequestOperation.h */,
				7623080A17C3F2EE00BB22D9 /* AFImageRequestOperation.m */,
				7623080B17C3F2EE00BB22D9 /* AFJSONRequestOperation.h */,
				7623080C17C3F2EE00BB22D9 /* AFJSONRequestOperation.m */,
				7623080D17C3F2EE00BB22D9 /* AFJSONUtilities.h */,
				7623080E17C3F2EE00BB22D9 /* AFJSONUtilities.m */,
				7623080F17C3F2EE00BB22D9 /* AFNetworkActivityIndicatorManager.h */,
				7623081017C3F2EE00BB22D9 /* AFNetworkActivityIndicatorManager.m */,
				7623081117C3F2EE00BB22D9 /* AFNetworking.h */,
				7623081217C3F2EE00BB22D9 /* AFPropertyListRequestOperation.h */,
				7623081317C3F2EE00BB22D9 /* AFPropertyListRequestOperation.m */,
				7623081417C3F2EE00BB22D9 /* AFURLConnectionOperation.h */,
				7623081517C3F2EE00BB22D9 /* AFURLConnectionOperation.m */,
				7623081617C3F2EE00BB22D9 /* AFXMLRequestOperation.h */,
				7623081717C3F2EE00BB22D9 /* AFXMLRequestOperation.m */,
				7623081817C3F2EE00BB22D9 /* UIImageView+AFNetworking.h */,
				7623081917C3F2EE00BB22D9 /* UIImageView+AFNetworking.m */,
			);
			name = AFNetworking;
			path = Libraries/AFNetworking;
			sourceTree = "<group>";
		};
		7623081A17C3F2EE00BB22D9 /* Models */ = {
			isa = PBXGroup;
			children = (
				7623081B17C3F2EE00BB22D9 /* ATApp.h */,
				7623081C17C3F2EE00BB22D9 /* ATApp.m */,
				7623081D17C3F2EE00BB22D9 /* ATComment.h */,
				7623081E17C3F2EE00BB22D9 /* ATComment.m */,
			);
			path = Models;
			sourceTree = "<group>";
		};
		7623081F17C3F2EE00BB22D9 /* Resources */ = {
			isa = PBXGroup;
			children = (
				7623082017C3F2EE00BB22D9 /* Images */,
				7623082917C3F2EE00BB22D9 /* Storyboards */,
			);
			path = Resources;
			sourceTree = "<group>";
		};
		7623082017C3F2EE00BB22D9 /* Images */ = {
			isa = PBXGroup;
			children = (
				7623082117C3F2EE00BB22D9 /* add_button.png */,
				7623082217C3F2EE00BB22D9 /* add_button@2x.png */,
				7623082317C3F2EE00BB22D9 /* background.png */,
				7623082417C3F2EE00BB22D9 /* background@2x.png */,
				7623082517C3F2EE00BB22D9 /* rank_background.png */,
				7623082617C3F2EE00BB22D9 /* rank_background@2x.png */,
				7623082717C3F2EE00BB22D9 /* top_bar.png */,
				7623082817C3F2EE00BB22D9 /* top_bar@2x.png */,
			);
			path = Images;
			sourceTree = "<group>";
		};
		7623082917C3F2EE00BB22D9 /* Storyboards */ = {
			isa = PBXGroup;
			children = (
				7623082A17C3F2EE00BB22D9 /* Main.storyboard */,
			);
			path = Storyboards;
			sourceTree = "<group>";
		};
		7623082B17C3F2EE00BB22D9 /* Supporting Files */ = {
			isa = PBXGroup;
			children = (
				7623082C17C3F2EE00BB22D9 /* AppTrack-Info.plist */,
				7623082D17C3F2EE00BB22D9 /* AppTrack-Prefix.pch */,
				7623082E17C3F2EE00BB22D9 /* main.m */,
			);
			path = "Supporting Files";
			sourceTree = "<group>";
		};
		7623082F17C3F2EE00BB22D9 /* Utility */ = {
			isa = PBXGroup;
			children = (
				7623083017C3F2EE00BB22D9 /* ATDataManager.h */,
				7623083117C3F2EE00BB22D9 /* ATDataManager.m */,
			);
			path = Utility;
			sourceTree = "<group>";
		};
		7623083217C3F2EE00BB22D9 /* Views */ = {
			isa = PBXGroup;
			children = (
				7623083317C3F2EE00BB22D9 /* ATFindAppCell.h */,
				7623083417C3F2EE00BB22D9 /* ATFindAppCell.m */,
				7623083517C3F2EE00BB22D9 /* ATLandingViewAppScrollView.h */,
				7623083617C3F2EE00BB22D9 /* ATLandingViewAppScrollView.m */,
			);
			path = Views;
			sourceTree = "<group>";
		};
		767EA24615D1DD9C00970C30 = {
			isa = PBXGroup;
			children = (
				7623085617C3F41D00BB22D9 /* Default-568h@2x.png */,
				762307F617C3F2EE00BB22D9 /* AppTrack */,
				7688B24815D1F53600159D8C /* Libraries */,
				767EA25415D1DD9C00970C30 /* Frameworks */,
				767EA25215D1DD9C00970C30 /* Products */,
			);
			sourceTree = "<group>";
		};
		767EA25215D1DD9C00970C30 /* Products */ = {
			isa = PBXGroup;
			children = (
				767EA25115D1DD9C00970C30 /* AppTrack.app */,
			);
			name = Products;
			sourceTree = "<group>";
		};
		767EA25415D1DD9C00970C30 /* Frameworks */ = {
			isa = PBXGroup;
			children = (
				767EA25515D1DD9C00970C30 /* UIKit.framework */,
				767EA25715D1DD9C00970C30 /* Foundation.framework */,
				767EA25915D1DD9C00970C30 /* CoreGraphics.framework */,
				767EA25B15D1DD9C00970C30 /* CoreData.framework */,
			);
			name = Frameworks;
			sourceTree = "<group>";
		};
		7688B24815D1F53600159D8C /* Libraries */ = {
			isa = PBXGroup;
			children = (
				7623080417C3F2EE00BB22D9 /* AFNetworking */,
			);
			name = Libraries;
			path = AppTrack;
			sourceTree = "<group>";
		};
/* End PBXGroup section */

/* Begin PBXNativeTarget section */
		767EA25015D1DD9C00970C30 /* AppTrack */ = {
			isa = PBXNativeTarget;
			buildConfigurationList = 767EA27715D1DD9C00970C30 /* Build configuration list for PBXNativeTarget "AppTrack" */;
			buildPhases = (
				767EA24D15D1DD9C00970C30 /* Sources */,
				767EA24E15D1DD9C00970C30 /* Frameworks */,
				767EA24F15D1DD9C00970C30 /* Resources */,
			);
			buildRules = (
			);
			dependencies = (
			);
			name = AppTrack;
			productName = AppTrack;
			productReference = 767EA25115D1DD9C00970C30 /* AppTrack.app */;
			productType = "com.apple.product-type.application";
		};
/* End PBXNativeTarget section */

/* Begin PBXProject section */
		767EA24815D1DD9C00970C30 /* Project object */ = {
			isa = PBXProject;
			attributes = {
				CLASSPREFIX = AT;
				LastUpgradeCheck = 0440;
				ORGANIZATIONNAME = "Ethan Diamond";
			};
			buildConfigurationList = 767EA24B15D1DD9C00970C30 /* Build configuration list for PBXProject "AppTrack" */;
			compatibilityVersion = "Xcode 3.2";
			developmentRegion = English;
			hasScannedForEncodings = 0;
			knownRegions = (
				en,
			);
			mainGroup = 767EA24615D1DD9C00970C30;
			productRefGroup = 767EA25215D1DD9C00970C30 /* Products */;
			projectDirPath = "";
			projectRoot = "";
			targets = (
				767EA25015D1DD9C00970C30 /* AppTrack */,
			);
		};
/* End PBXProject section */

/* Begin PBXResourcesBuildPhase section */
		767EA24F15D1DD9C00970C30 /* Resources */ = {
			isa = PBXResourcesBuildPhase;
			buildActionMask = 2147483647;
			files = (
				7623084817C3F2EE00BB22D9 /* add_button.png in Resources */,
				7623084917C3F2EE00BB22D9 /* add_button@2x.png in Resources */,
				7623084A17C3F2EE00BB22D9 /* background.png in Resources */,
				7623084B17C3F2EE00BB22D9 /* background@2x.png in Resources */,
				7623084C17C3F2EE00BB22D9 /* rank_background.png in Resources */,
				7623084D17C3F2EE00BB22D9 /* rank_background@2x.png in Resources */,
				7623084E17C3F2EE00BB22D9 /* top_bar.png in Resources */,
				7623084F17C3F2EE00BB22D9 /* top_bar@2x.png in Resources */,
				7623085017C3F2EE00BB22D9 /* Main.storyboard in Resources */,
				7623085717C3F41D00BB22D9 /* Default-568h@2x.png in Resources */,
			);
			runOnlyForDeploymentPostprocessing = 0;
		};
/* End PBXResourcesBuildPhase section */

/* Begin PBXSourcesBuildPhase section */
		767EA24D15D1DD9C00970C30 /* Sources */ = {
			isa = PBXSourcesBuildPhase;
			buildActionMask = 2147483647;
			files = (
				7623083717C3F2EE00BB22D9 /* AppTrack.xcdatamodeld in Sources */,
				7623083817C3F2EE00BB22D9 /* ATAppDelegate.m in Sources */,
				7623083917C3F2EE00BB22D9 /* ATDetailViewController.m in Sources */,
				7623083A17C3F2EE00BB22D9 /* ATFindAppViewController.m in Sources */,
				7623083B17C3F2EE00BB22D9 /* ATLandingViewController.m in Sources */,
				7623083C17C3F2EE00BB22D9 /* AFHTTPClient.m in Sources */,
				7623083D17C3F2EE00BB22D9 /* AFHTTPRequestOperation.m in Sources */,
				7623083E17C3F2EE00BB22D9 /* AFImageRequestOperation.m in Sources */,
				7623083F17C3F2EE00BB22D9 /* AFJSONRequestOperation.m in Sources */,
				7623084017C3F2EE00BB22D9 /* AFJSONUtilities.m in Sources */,
				7623084117C3F2EE00BB22D9 /* AFNetworkActivityIndicatorManager.m in Sources */,
				7623084217C3F2EE00BB22D9 /* AFPropertyListRequestOperation.m in Sources */,
				7623084317C3F2EE00BB22D9 /* AFURLConnectionOperation.m in Sources */,
				7623084417C3F2EE00BB22D9 /* AFXMLRequestOperation.m in Sources */,
				7623084517C3F2EE00BB22D9 /* UIImageView+AFNetworking.m in Sources */,
				7623084617C3F2EE00BB22D9 /* ATApp.m in Sources */,
				7623084717C3F2EE00BB22D9 /* ATComment.m in Sources */,
				7623085217C3F2EE00BB22D9 /* main.m in Sources */,
				7623085317C3F2EE00BB22D9 /* ATDataManager.m in Sources */,
				7623085417C3F2EE00BB22D9 /* ATFindAppCell.m in Sources */,
				7623085517C3F2EE00BB22D9 /* ATLandingViewAppScrollView.m in Sources */,
			);
			runOnlyForDeploymentPostprocessing = 0;
		};
/* End PBXSourcesBuildPhase section */

/* Begin XCBuildConfiguration section */
		767EA27515D1DD9C00970C30 /* Debug */ = {
			isa = XCBuildConfiguration;
			buildSettings = {
				ALWAYS_SEARCH_USER_PATHS = NO;
				ARCHS = "$(ARCHS_STANDARD_32_BIT)";
				CLANG_CXX_LANGUAGE_STANDARD = "gnu++0x";
				CLANG_ENABLE_OBJC_ARC = YES;
				CLANG_WARN__DUPLICATE_METHOD_MATCH = YES;
				"CODE_SIGN_IDENTITY[sdk=iphoneos*]" = "iPhone Developer";
				COPY_PHASE_STRIP = NO;
				GCC_C_LANGUAGE_STANDARD = gnu99;
				GCC_DYNAMIC_NO_PIC = NO;
				GCC_OPTIMIZATION_LEVEL = 0;
				GCC_PREPROCESSOR_DEFINITIONS = (
					"DEBUG=1",
					"$(inherited)",
				);
				GCC_SYMBOLS_PRIVATE_EXTERN = NO;
				GCC_VERSION = com.apple.compilers.llvm.clang.1_0;
				GCC_WARN_ABOUT_RETURN_TYPE = YES;
				GCC_WARN_UNINITIALIZED_AUTOS = YES;
				GCC_WARN_UNUSED_VARIABLE = YES;
				IPHONEOS_DEPLOYMENT_TARGET = 5.1;
				SDKROOT = iphoneos;
			};
			name = Debug;
		};
		767EA27615D1DD9C00970C30 /* Release */ = {
			isa = XCBuildConfiguration;
			buildSettings = {
				ALWAYS_SEARCH_USER_PATHS = NO;
				ARCHS = "$(ARCHS_STANDARD_32_BIT)";
				CLANG_CXX_LANGUAGE_STANDARD = "gnu++0x";
				CLANG_ENABLE_OBJC_ARC = YES;
				CLANG_WARN__DUPLICATE_METHOD_MATCH = YES;
				"CODE_SIGN_IDENTITY[sdk=iphoneos*]" = "iPhone Developer";
				COPY_PHASE_STRIP = YES;
				GCC_C_LANGUAGE_STANDARD = gnu99;
				GCC_VERSION = com.apple.compilers.llvm.clang.1_0;
				GCC_WARN_ABOUT_RETURN_TYPE = YES;
				GCC_WARN_UNINITIALIZED_AUTOS = YES;
				GCC_WARN_UNUSED_VARIABLE = YES;
				IPHONEOS_DEPLOYMENT_TARGET = 5.1;
				OTHER_CFLAGS = "-DNS_BLOCK_ASSERTIONS=1";
				SDKROOT = iphoneos;
				VALIDATE_PRODUCT = YES;
			};
			name = Release;
		};
		767EA27815D1DD9C00970C30 /* Debug */ = {
			isa = XCBuildConfiguration;
			buildSettings = {
				CODE_SIGN_IDENTITY = "iPhone Developer: Ethan Diamond (5L9JKT7UPF)";
				"CODE_SIGN_IDENTITY[sdk=iphoneos*]" = "iPhone Developer: Ethan Diamond (5L9JKT7UPF)";
				GCC_PRECOMPILE_PREFIX_HEADER = YES;
				GCC_PREFIX_HEADER = "AppTrack/Supporting Files/AppTrack-Prefix.pch";
				INFOPLIST_FILE = "AppTrack/Supporting Files/AppTrack-Info.plist";
				PRODUCT_NAME = "$(TARGET_NAME)";
				PROVISIONING_PROFILE = "65827DF9-95B0-44F2-880D-C2F1762C2FA2";
				"PROVISIONING_PROFILE[sdk=iphoneos*]" = "65827DF9-95B0-44F2-880D-C2F1762C2FA2";
				WRAPPER_EXTENSION = app;
			};
			name = Debug;
		};
		767EA27915D1DD9C00970C30 /* Release */ = {
			isa = XCBuildConfiguration;
			buildSettings = {
				CODE_SIGN_IDENTITY = "iPhone Developer: Ethan Diamond (5L9JKT7UPF)";
				"CODE_SIGN_IDENTITY[sdk=iphoneos*]" = "iPhone Developer: Ethan Diamond (5L9JKT7UPF)";
				GCC_PRECOMPILE_PREFIX_HEADER = YES;
				GCC_PREFIX_HEADER = "AppTrack/Supporting Files/AppTrack-Prefix.pch";
				INFOPLIST_FILE = "AppTrack/Supporting Files/AppTrack-Info.plist";
				PRODUCT_NAME = "$(TARGET_NAME)";
				PROVISIONING_PROFILE = "65827DF9-95B0-44F2-880D-C2F1762C2FA2";
				"PROVISIONING_PROFILE[sdk=iphoneos*]" = "65827DF9-95B0-44F2-880D-C2F1762C2FA2";
				WRAPPER_EXTENSION = app;
			};
			name = Release;
		};
/* End XCBuildConfiguration section */

/* Begin XCConfigurationList section */
		767EA24B15D1DD9C00970C30 /* Build configuration list for PBXProject "AppTrack" */ = {
			isa = XCConfigurationList;
			buildConfigurations = (
				767EA27515D1DD9C00970C30 /* Debug */,
				767EA27615D1DD9C00970C30 /* Release */,
			);
			defaultConfigurationIsVisible = 0;
			defaultConfigurationName = Release;
		};
		767EA27715D1DD9C00970C30 /* Build configuration list for PBXNativeTarget "AppTrack" */ = {
			isa = XCConfigurationList;
			buildConfigurations = (
				767EA27815D1DD9C00970C30 /* Debug */,
				767EA27915D1DD9C00970C30 /* Release */,
			);
			defaultConfigurationIsVisible = 0;
			defaultConfigurationName = Release;
		};
/* End XCConfigurationList section */

/* Begin XCVersionGroup section */
		762307F717C3F2EE00BB22D9 /* AppTrack.xcdatamodeld */ = {
			isa = XCVersionGroup;
			children = (
				762307F817C3F2EE00BB22D9 /* AppTrack.xcdatamodel */,
			);
			currentVersion = 762307F817C3F2EE00BB22D9 /* AppTrack.xcdatamodel */;
			path = AppTrack.xcdatamodeld;
			sourceTree = "<group>";
			versionGroupType = wrapper.xcdatamodel;
		};
/* End XCVersionGroup section */
	};
	rootObject = 767EA24815D1DD9C00970C30 /* Project object */;
}
